
Microsoft Visual Studio Solution File, Format Version 12.00
# Visual Studio Version 16
VisualStudioVersion = 16.0.29920.165
MinimumVisualStudioVersion = 10.0.40219.1
Project("{FAE04EC0-301F-11D3-BF4B-00C04F79EFBC}") = "Work", "Work.csproj", "{3731483E-ACB0-42A3-AD02-3598EC41B07C}"
EndProject
Global
	GlobalSection(SolutionConfigurationPlatforms) = preSolution
		Debug|Any CPU = Debug|Any CPU
		Release|Any CPU = Release|Any CPU
	EndGlobalSection
	GlobalSection(ProjectConfigurationPlatforms) = postSolution
		{3731483E-ACB0-42A3-AD02-3598EC41B07C}.Debug|Any CPU.ActiveCfg = Debug|Any CPU
		{3731483E-ACB0-42A3-AD02-3598EC41B07C}.Debug|Any CPU.Build.0 = Debug|Any CPU
		{3731483E-ACB0-42A3-AD02-3598EC41B07C}.Release|Any CPU.ActiveCfg = Release|Any CPU
		{3731483E-ACB0-42A3-AD02-3598EC41B07C}.Release|Any CPU.Build.0 = Release|Any CPU
	EndGlobalSection
	GlobalSection(SolutionProperties) = preSolution
		HideSolutionNode = FALSE
	EndGlobalSection
	GlobalSection(ExtensibilityGlobals) = postSolution
		SolutionGuid = {4DC57C85-11CB-4828-B098-69443732580A}
	EndGlobalSection
EndGlobal
